{
  "name": "geek-time-article-view",
  "version": "0.0.0",
  "lockfileVersion": 1,
  "requires": true,
  "dependencies": {
    "@babel/parser": {
      "version": "7.20.2",
      "resolved": "http://registry.m.jd.com/@babel/parser/download/@babel/parser-7.20.2.tgz",
      "integrity": "sha1-muubkvZEErX4EGTUb2oawIgTN/Q="
    },
    "@ctrl/tinycolor": {
      "version": "3.4.1",
      "resolved": "http://registry.m.jd.com/@ctrl/tinycolor/download/@ctrl/tinycolor-3.4.1.tgz",
      "integrity": "sha1-dbTCeUjIHojM06iQIEe815fzjTI="
    },
    "@element-plus/icons-vue": {
      "version": "2.0.10",
      "resolved": "http://registry.m.jd.com/@element-plus/icons-vue/download/@element-plus/icons-vue-2.0.10.tgz",
      "integrity": "sha1-YICNYTw9va0CVXcCK+ipcnOa3iE="
    },
    "@esbuild/android-arm": {
      "version": "0.15.13",
      "resolved": "http://registry.m.jd.com/@esbuild/android-arm/download/@esbuild/android-arm-0.15.13.tgz",
      "integrity": "sha1-zhEjehPudtXq45COR7pN3TgK+Go=",
      "dev": true,
      "optional": true
    },
    "@esbuild/linux-loong64": {
      "version": "0.15.13",
      "resolved": "http://registry.m.jd.com/@esbuild/linux-loong64/download/@esbuild/linux-loong64-0.15.13.tgz",
      "integrity": "sha1-ZOiCW/DOdp2slO452S6+YnICDfw=",
      "dev": true,
      "optional": true
    },
    "@floating-ui/core": {
      "version": "1.0.1",
      "resolved": "http://registry.m.jd.com/@floating-ui/core/download/@floating-ui/core-1.0.1.tgz",
      "integrity": "sha1-AOZNdOkRYCyFM5V68Mzlr2suk8g="
    },
    "@floating-ui/dom": {
      "version": "1.0.3",
      "resolved": "http://registry.m.jd.com/@floating-ui/dom/download/@floating-ui/dom-1.0.3.tgz",
      "integrity": "sha1-tDnIpmQ2wsro2X6Inwt2zOdXpuw=",
      "requires": {
        "@floating-ui/core": "^1.0.1"
      }
    },
    "@popperjs/core": {
      "version": "npm:@sxzz/popperjs-es@2.11.7",
      "resolved": "http://registry.m.jd.com/@sxzz/popperjs-es/download/@sxzz/popperjs-es-2.11.7.tgz",
      "integrity": "sha1-p/aeNmXT2psRX55xZx2uG5fhNnE="
    },
    "@types/lodash": {
      "version": "4.14.188",
      "resolved": "http://registry.m.jd.com/@types/lodash/download/@types/lodash-4.14.188.tgz",
      "integrity": "sha1-5JkMTIH3ybAMX/jq44nBDyeYDaU="
    },
    "@types/lodash-es": {
      "version": "4.17.6",
      "resolved": "http://registry.m.jd.com/@types/lodash-es/download/@types/lodash-es-4.17.6.tgz",
      "integrity": "sha1-wu1MgyD/pvEbQ+uJ6eruxllmoKA=",
      "requires": {
        "@types/lodash": "*"
      }
    },
    "@types/web-bluetooth": {
      "version": "0.0.16",
      "resolved": "http://registry.m.jd.com/@types/web-bluetooth/download/@types/web-bluetooth-0.0.16.tgz",
      "integrity": "sha1-HRKHOo5JVnNx8qdf4+f37cpmYtg="
    },
    "@vitejs/plugin-vue": {
      "version": "3.2.0",
      "resolved": "http://registry.m.jd.com/@vitejs/plugin-vue/download/@vitejs/plugin-vue-3.2.0.tgz",
      "integrity": "sha1-oUhAid2F1lKPQ1dD+EzdDSFbu1Q=",
      "dev": true
    },
    "@vue/compiler-core": {
      "version": "3.2.41",
      "resolved": "http://registry.m.jd.com/@vue/compiler-core/download/@vue/compiler-core-3.2.41.tgz",
      "integrity": "sha1-+1sl8jgXQA9EN32HigzerYCEU+8=",
      "requires": {
        "@babel/parser": "^7.16.4",
        "@vue/shared": "3.2.41",
        "estree-walker": "^2.0.2",
        "source-map": "^0.6.1"
      }
    },
    "@vue/compiler-dom": {
      "version": "3.2.41",
      "resolved": "http://registry.m.jd.com/@vue/compiler-dom/download/@vue/compiler-dom-3.2.41.tgz",
      "integrity": "sha1-3GPc086MqKhyHxQAnUmKelQ4Apk=",
      "requires": {
        "@vue/compiler-core": "3.2.41",
        "@vue/shared": "3.2.41"
      }
    },
    "@vue/compiler-sfc": {
      "version": "3.2.41",
      "resolved": "http://registry.m.jd.com/@vue/compiler-sfc/download/@vue/compiler-sfc-3.2.41.tgz",
      "integrity": "sha1-I4+4xIMYQIyFZ0j0EWr/jMHcKnM=",
      "requires": {
        "@babel/parser": "^7.16.4",
        "@vue/compiler-core": "3.2.41",
        "@vue/compiler-dom": "3.2.41",
        "@vue/compiler-ssr": "3.2.41",
        "@vue/reactivity-transform": "3.2.41",
        "@vue/shared": "3.2.41",
        "estree-walker": "^2.0.2",
        "magic-string": "^0.25.7",
        "postcss": "^8.1.10",
        "source-map": "^0.6.1"
      }
    },
    "@vue/compiler-ssr": {
      "version": "3.2.41",
      "resolved": "http://registry.m.jd.com/@vue/compiler-ssr/download/@vue/compiler-ssr-3.2.41.tgz",
      "integrity": "sha1-NE9WTWhYSzM2dzHAT/yUl4RhH8s=",
      "requires": {
        "@vue/compiler-dom": "3.2.41",
        "@vue/shared": "3.2.41"
      }
    },
    "@vue/devtools-api": {
      "version": "6.4.5",
      "resolved": "http://registry.m.jd.com/@vue/devtools-api/download/@vue/devtools-api-6.4.5.tgz",
      "integrity": "sha1-1U6ETBrbseZ3yBxmXs7xorS7g4A="
    },
    "@vue/reactivity": {
      "version": "3.2.41",
      "resolved": "http://registry.m.jd.com/@vue/reactivity/download/@vue/reactivity-3.2.41.tgz",
      "integrity": "sha1-CtO99212gi2hUC3J85Ta/QJkKWM=",
      "requires": {
        "@vue/shared": "3.2.41"
      }
    },
    "@vue/reactivity-transform": {
      "version": "3.2.41",
      "resolved": "http://registry.m.jd.com/@vue/reactivity-transform/download/@vue/reactivity-transform-3.2.41.tgz",
      "integrity": "sha1-n/k4h3YAyX9kbgmsGVm1FQ+xGgw=",
      "requires": {
        "@babel/parser": "^7.16.4",
        "@vue/compiler-core": "3.2.41",
        "@vue/shared": "3.2.41",
        "estree-walker": "^2.0.2",
        "magic-string": "^0.25.7"
      }
    },
    "@vue/runtime-core": {
      "version": "3.2.41",
      "resolved": "http://registry.m.jd.com/@vue/runtime-core/download/@vue/runtime-core-3.2.41.tgz",
      "integrity": "sha1-d1v8ALP6263at3E48jMiruNRenY=",
      "requires": {
        "@vue/reactivity": "3.2.41",
        "@vue/shared": "3.2.41"
      }
    },
    "@vue/runtime-dom": {
      "version": "3.2.41",
      "resolved": "http://registry.m.jd.com/@vue/runtime-dom/download/@vue/runtime-dom-3.2.41.tgz",
      "integrity": "sha1-zfhr50EPexXCljKpbOh55bTJq5I=",
      "requires": {
        "@vue/runtime-core": "3.2.41",
        "@vue/shared": "3.2.41",
        "csstype": "^2.6.8"
      }
    },
    "@vue/server-renderer": {
      "version": "3.2.41",
      "resolved": "http://registry.m.jd.com/@vue/server-renderer/download/@vue/server-renderer-3.2.41.tgz",
      "integrity": "sha1-ymRVLAWHj5To0ZGsQ5FBwGwPsq0=",
      "requires": {
        "@vue/compiler-ssr": "3.2.41",
        "@vue/shared": "3.2.41"
      }
    },
    "@vue/shared": {
      "version": "3.2.41",
      "resolved": "http://registry.m.jd.com/@vue/shared/download/@vue/shared-3.2.41.tgz",
      "integrity": "sha1-+8lUIt9lTqZOhCjs7Za6atVV0rs="
    },
    "@vueuse/core": {
      "version": "9.3.1",
      "resolved": "http://registry.m.jd.com/@vueuse/core/download/@vueuse/core-9.3.1.tgz",
      "integrity": "sha1-R7xl2pxwX+97O+ykr3ZEkfBHlkc=",
      "requires": {
        "@types/web-bluetooth": "^0.0.16",
        "@vueuse/metadata": "9.3.1",
        "@vueuse/shared": "9.3.1",
        "vue-demi": "*"
      }
    },
    "@vueuse/metadata": {
      "version": "9.3.1",
      "resolved": "http://registry.m.jd.com/@vueuse/metadata/download/@vueuse/metadata-9.3.1.tgz",
      "integrity": "sha1-TgTXbfHhbxrt4oWQyLehE+o9On4="
    },
    "@vueuse/shared": {
      "version": "9.3.1",
      "resolved": "http://registry.m.jd.com/@vueuse/shared/download/@vueuse/shared-9.3.1.tgz",
      "integrity": "sha1-eMbPQdi3XwVGDhioCBm/gWS1l6U=",
      "requires": {
        "vue-demi": "*"
      }
    },
    "async-validator": {
      "version": "4.2.5",
      "resolved": "http://registry.m.jd.com/async-validator/download/async-validator-4.2.5.tgz",
      "integrity": "sha1-yW6jMypSFpnQr6rO7VEKVGVsYzk="
    },
    "csstype": {
      "version": "2.6.21",
      "resolved": "http://registry.m.jd.com/csstype/download/csstype-2.6.21.tgz",
      "integrity": "sha1-LvuFt8xVyAAXxmpa18vZMf2jqQ4="
    },
    "dayjs": {
      "version": "1.11.6",
      "resolved": "http://registry.m.jd.com/dayjs/download/dayjs-1.11.6.tgz",
      "integrity": "sha1-LnmiJjFOw+yQTj7h3VpPXlscevs="
    },
    "element-plus": {
      "version": "2.2.19",
      "resolved": "http://registry.m.jd.com/element-plus/download/element-plus-2.2.19.tgz",
      "integrity": "sha1-wRy4SzW3aYsvX6fsD9mANPaGGp4=",
      "requires": {
        "@ctrl/tinycolor": "^3.4.1",
        "@element-plus/icons-vue": "^2.0.6",
        "@floating-ui/dom": "^1.0.1",
        "@popperjs/core": "npm:@sxzz/popperjs-es@^2.11.7",
        "@types/lodash": "^4.14.182",
        "@types/lodash-es": "^4.17.6",
        "@vueuse/core": "^9.1.0",
        "async-validator": "^4.2.5",
        "dayjs": "^1.11.3",
        "escape-html": "^1.0.3",
        "lodash": "^4.17.21",
        "lodash-es": "^4.17.21",
        "lodash-unified": "^1.0.2",
        "memoize-one": "^6.0.0",
        "normalize-wheel-es": "^1.2.0"
      }
    },
    "esbuild": {
      "version": "0.15.13",
      "resolved": "http://registry.m.jd.com/esbuild/download/esbuild-0.15.13.tgz",
      "integrity": "sha1-cpNIADj+srr6kdP2og7as7psEIo=",
      "dev": true,
      "requires": {
        "@esbuild/android-arm": "0.15.13",
        "@esbuild/linux-loong64": "0.15.13",
        "esbuild-android-64": "0.15.13",
        "esbuild-android-arm64": "0.15.13",
        "esbuild-darwin-64": "0.15.13",
        "esbuild-darwin-arm64": "0.15.13",
        "esbuild-freebsd-64": "0.15.13",
        "esbuild-freebsd-arm64": "0.15.13",
        "esbuild-linux-32": "0.15.13",
        "esbuild-linux-64": "0.15.13",
        "esbuild-linux-arm": "0.15.13",
        "esbuild-linux-arm64": "0.15.13",
        "esbuild-linux-mips64le": "0.15.13",
        "esbuild-linux-ppc64le": "0.15.13",
        "esbuild-linux-riscv64": "0.15.13",
        "esbuild-linux-s390x": "0.15.13",
        "esbuild-netbsd-64": "0.15.13",
        "esbuild-openbsd-64": "0.15.13",
        "esbuild-sunos-64": "0.15.13",
        "esbuild-windows-32": "0.15.13",
        "esbuild-windows-64": "0.15.13",
        "esbuild-windows-arm64": "0.15.13"
      }
    },
    "esbuild-android-64": {
      "version": "0.15.13",
      "resolved": "http://registry.m.jd.com/esbuild-android-64/download/esbuild-android-64-0.15.13.tgz",
      "integrity": "sha1-XyWGQFXb1i4lDzYLOLTDgiJAY68=",
      "dev": true,
      "optional": true
    },
    "esbuild-android-arm64": {
      "version": "0.15.13",
      "resolved": "http://registry.m.jd.com/esbuild-android-arm64/download/esbuild-android-arm64-0.15.13.tgz",
      "integrity": "sha1-2IIPmZMU776ODwUGU6mf8tpjKw8=",
      "dev": true,
      "optional": true
    },
    "esbuild-darwin-64": {
      "version": "0.15.13",
      "resolved": "http://registry.m.jd.com/esbuild-darwin-64/download/esbuild-darwin-64-0.15.13.tgz",
      "integrity": "sha1-ma5/2qQ5R7Bs2dGhw8LJ8kXYH9A=",
      "dev": true,
      "optional": true
    },
    "esbuild-darwin-arm64": {
      "version": "0.15.13",
      "resolved": "http://registry.m.jd.com/esbuild-darwin-arm64/download/esbuild-darwin-arm64-0.15.13.tgz",
      "integrity": "sha1-uvoYFDVK0aR63K1z3kFhMO9/VeM=",
      "dev": true,
      "optional": true
    },
    "esbuild-freebsd-64": {
      "version": "0.15.13",
      "resolved": "http://registry.m.jd.com/esbuild-freebsd-64/download/esbuild-freebsd-64-0.15.13.tgz",
      "integrity": "sha1-hO+FU1xcw4tifRxRFWI7CI0d4WE=",
      "dev": true,
      "optional": true
    },
    "esbuild-freebsd-arm64": {
      "version": "0.15.13",
      "resolved": "http://registry.m.jd.com/esbuild-freebsd-arm64/download/esbuild-freebsd-arm64-0.15.13.tgz",
      "integrity": "sha1-Az8h3kNOyODEeAVLEZr4BWdjwtg=",
      "dev": true,
      "optional": true
    },
    "esbuild-linux-32": {
      "version": "0.15.13",
      "resolved": "http://registry.m.jd.com/esbuild-linux-32/download/esbuild-linux-32-0.15.13.tgz",
      "integrity": "sha1-VCkOqANcug+vF5HOmuZpMAVRJTU=",
      "dev": true,
      "optional": true
    },
    "esbuild-linux-64": {
      "version": "0.15.13",
      "resolved": "http://registry.m.jd.com/esbuild-linux-64/download/esbuild-linux-64-0.15.13.tgz",
      "integrity": "sha1-QmQkkoHqOI6tlIYUtX+x3fd3miw=",
      "dev": true,
      "optional": true
    },
    "esbuild-linux-arm": {
      "version": "0.15.13",
      "resolved": "http://registry.m.jd.com/esbuild-linux-arm/download/esbuild-linux-arm-0.15.13.tgz",
      "integrity": "sha1-tAf0ezrnIf5OAOGenxkom++HoRE=",
      "dev": true,
      "optional": true
    },
    "esbuild-linux-arm64": {
      "version": "0.15.13",
      "resolved": "http://registry.m.jd.com/esbuild-linux-arm64/download/esbuild-linux-arm64-0.15.13.tgz",
      "integrity": "sha1-kyPDM5JPl6Ar3SrokSs2KYrLMS0=",
      "dev": true,
      "optional": true
    },
    "esbuild-linux-mips64le": {
      "version": "0.15.13",
      "resolved": "http://registry.m.jd.com/esbuild-linux-mips64le/download/esbuild-linux-mips64le-0.15.13.tgz",
      "integrity": "sha1-vfkFquXAvKqPg1Z/5MTBvcHxREc=",
      "dev": true,
      "optional": true
    },
    "esbuild-linux-ppc64le": {
      "version": "0.15.13",
      "resolved": "http://registry.m.jd.com/esbuild-linux-ppc64le/download/esbuild-linux-ppc64le-0.15.13.tgz",
      "integrity": "sha1-KRHq4ckP9Yo70yWctVcjXfJao7Q=",
      "dev": true,
      "optional": true
    },
    "esbuild-linux-riscv64": {
      "version": "0.15.13",
      "resolved": "http://registry.m.jd.com/esbuild-linux-riscv64/download/esbuild-linux-riscv64-0.15.13.tgz",
      "integrity": "sha1-GDfGYL4SsdINKinHGJ6nA/k+kmU=",
      "dev": true,
      "optional": true
    },
    "esbuild-linux-s390x": {
      "version": "0.15.13",
      "resolved": "http://registry.m.jd.com/esbuild-linux-s390x/download/esbuild-linux-s390x-0.15.13.tgz",
      "integrity": "sha1-1SiA7OIp0b0Qstk2t5KRT/sHx/w=",
      "dev": true,
      "optional": true
    },
    "esbuild-netbsd-64": {
      "version": "0.15.13",
      "resolved": "http://registry.m.jd.com/esbuild-netbsd-64/download/esbuild-netbsd-64-0.15.13.tgz",
      "integrity": "sha1-3hTaRvHSA1K0PhXZeoCoeIJ15u0=",
      "dev": true,
      "optional": true
    },
    "esbuild-openbsd-64": {
      "version": "0.15.13",
      "resolved": "http://registry.m.jd.com/esbuild-openbsd-64/download/esbuild-openbsd-64-0.15.13.tgz",
      "integrity": "sha1-Reil/XTZKtj3MsQ1gjaceZD1oKw=",
      "dev": true,
      "optional": true
    },
    "esbuild-sunos-64": {
      "version": "0.15.13",
      "resolved": "http://registry.m.jd.com/esbuild-sunos-64/download/esbuild-sunos-64-0.15.13.tgz",
      "integrity": "sha1-9kasPaeqxSHuD9vBknUMh9ppeAY=",
      "dev": true,
      "optional": true
    },
    "esbuild-windows-32": {
      "version": "0.15.13",
      "resolved": "http://registry.m.jd.com/esbuild-windows-32/download/esbuild-windows-32-0.15.13.tgz",
      "integrity": "sha1-+0/nfHWRQYiAs8m1kArcTAlPJAE=",
      "dev": true,
      "optional": true
    },
    "esbuild-windows-64": {
      "version": "0.15.13",
      "resolved": "http://registry.m.jd.com/esbuild-windows-64/download/esbuild-windows-64-0.15.13.tgz",
      "integrity": "sha1-H8qMZUOSwMMb2q7RaL7P6oDiBmA=",
      "dev": true,
      "optional": true
    },
    "esbuild-windows-arm64": {
      "version": "0.15.13",
      "resolved": "http://registry.m.jd.com/esbuild-windows-arm64/download/esbuild-windows-arm64-0.15.13.tgz",
      "integrity": "sha1-T/0BtrKIhgPxWEov6Wsfam8rPdg=",
      "dev": true,
      "optional": true
    },
    "escape-html": {
      "version": "1.0.3",
      "resolved": "http://registry.m.jd.com/escape-html/download/escape-html-1.0.3.tgz",
      "integrity": "sha1-Aljq5NPQwJdN4cFpGI7wBR0dGYg="
    },
    "estree-walker": {
      "version": "2.0.2",
      "resolved": "http://registry.m.jd.com/estree-walker/download/estree-walker-2.0.2.tgz",
      "integrity": "sha1-UvAQF4wqTBF6d1fP6UKtt9LaTKw="
    },
    "fsevents": {
      "version": "2.3.2",
      "resolved": "http://registry.m.jd.com/fsevents/download/fsevents-2.3.2.tgz",
      "integrity": "sha1-ilJveLj99GI7cJ4Ll1xSwkwC/Ro=",
      "dev": true,
      "optional": true
    },
    "function-bind": {
      "version": "1.1.1",
      "resolved": "http://registry.m.jd.com/function-bind/download/function-bind-1.1.1.tgz",
      "integrity": "sha1-pWiZ0+o8m6uHS7l3O3xe3pL0iV0=",
      "dev": true
    },
    "has": {
      "version": "1.0.3",
      "resolved": "http://registry.m.jd.com/has/download/has-1.0.3.tgz",
      "integrity": "sha1-ci18v8H2qoJB8W3YFOAR4fQeh5Y=",
      "dev": true,
      "requires": {
        "function-bind": "^1.1.1"
      }
    },
    "is-core-module": {
      "version": "2.11.0",
      "resolved": "http://registry.m.jd.com/is-core-module/download/is-core-module-2.11.0.tgz",
      "integrity": "sha1-rUyz44Y+gUUjyW8/WNJsxXD/AUQ=",
      "dev": true,
      "requires": {
        "has": "^1.0.3"
      }
    },
    "lodash": {
      "version": "4.17.21",
      "resolved": "http://registry.m.jd.com/lodash/download/lodash-4.17.21.tgz",
      "integrity": "sha1-Z5WRxWTDv/quhFTPCz3zcMPWkRw="
    },
    "lodash-es": {
      "version": "4.17.21",
      "resolved": "http://registry.m.jd.com/lodash-es/download/lodash-es-4.17.21.tgz",
      "integrity": "sha1-Q+YmxG5lkbd1C+srUBFzkMYJ4+4="
    },
    "lodash-unified": {
      "version": "1.0.2",
      "resolved": "http://registry.m.jd.com/lodash-unified/download/lodash-unified-1.0.2.tgz",
      "integrity": "sha1-uyaU2zUzeB5czphK9gz66jGLg8E="
    },
    "magic-string": {
      "version": "0.25.9",
      "resolved": "http://registry.m.jd.com/magic-string/download/magic-string-0.25.9.tgz",
      "integrity": "sha1-3n+fr5HvihyR0CwuUxTIJ3283Rw=",
      "requires": {
        "sourcemap-codec": "^1.4.8"
      }
    },
    "memoize-one": {
      "version": "6.0.0",
      "resolved": "http://registry.m.jd.com/memoize-one/download/memoize-one-6.0.0.tgz",
      "integrity": "sha1-slkbhx7YKUiu5HJ9xqvO7qyMEEU="
    },
    "nanoid": {
      "version": "3.3.4",
      "resolved": "http://registry.m.jd.com/nanoid/download/nanoid-3.3.4.tgz",
      "integrity": "sha1-cwtn480J4t6s8DwCfIHJ2dvF6Ks="
    },
    "normalize-wheel-es": {
      "version": "1.2.0",
      "resolved": "http://registry.m.jd.com/normalize-wheel-es/download/normalize-wheel-es-1.2.0.tgz",
      "integrity": "sha1-D6JZPWGfckWlQWUmGRBasHas8J4="
    },
    "path-parse": {
      "version": "1.0.7",
      "resolved": "http://registry.m.jd.com/path-parse/download/path-parse-1.0.7.tgz",
      "integrity": "sha1-+8EUtgykKzDZ2vWFjkvWi77bZzU=",
      "dev": true
    },
    "picocolors": {
      "version": "1.0.0",
      "resolved": "http://registry.m.jd.com/picocolors/download/picocolors-1.0.0.tgz",
      "integrity": "sha1-y1vcdP8/UYkiNur3nWi8RFZKuBw="
    },
    "pinia": {
      "version": "2.0.23",
      "resolved": "http://registry.m.jd.com/pinia/download/pinia-2.0.23.tgz",
      "integrity": "sha1-Vw9fghYLZWtBJgJ4loP6qVUC0ic=",
      "requires": {
        "@vue/devtools-api": "^6.4.4",
        "vue-demi": "*"
      }
    },
    "postcss": {
      "version": "8.4.18",
      "resolved": "http://registry.m.jd.com/postcss/download/postcss-8.4.18.tgz",
      "integrity": "sha1-bVAEbqfT1mqF4OeCB05yA7x/vKI=",
      "requires": {
        "nanoid": "^3.3.4",
        "picocolors": "^1.0.0",
        "source-map-js": "^1.0.2"
      }
    },
    "resolve": {
      "version": "1.22.1",
      "resolved": "http://registry.m.jd.com/resolve/download/resolve-1.22.1.tgz",
      "integrity": "sha1-J8suu1P5GrtJRwqSi7p1WAZqwXc=",
      "dev": true,
      "requires": {
        "is-core-module": "^2.9.0",
        "path-parse": "^1.0.7",
        "supports-preserve-symlinks-flag": "^1.0.0"
      }
    },
    "rollup": {
      "version": "2.79.1",
      "resolved": "http://registry.m.jd.com/rollup/download/rollup-2.79.1.tgz",
      "integrity": "sha1-vt7o+u98n5OiZHrAEIdI9Jfwgcc=",
      "dev": true,
      "requires": {
        "fsevents": "~2.3.2"
      }
    },
    "source-map": {
      "version": "0.6.1",
      "resolved": "http://registry.m.jd.com/source-map/download/source-map-0.6.1.tgz",
      "integrity": "sha1-dHIq8y6WFOnCh6jQu95IteLxomM="
    },
    "source-map-js": {
      "version": "1.0.2",
      "resolved": "http://registry.m.jd.com/source-map-js/download/source-map-js-1.0.2.tgz",
      "integrity": "sha1-rbw2HZxi3zgBJefxYfccgm8eSQw="
    },
    "sourcemap-codec": {
      "version": "1.4.8",
      "resolved": "http://registry.m.jd.com/sourcemap-codec/download/sourcemap-codec-1.4.8.tgz",
      "integrity": "sha1-6oBL2UhXQC5pktBaOO8a41qatMQ="
    },
    "supports-preserve-symlinks-flag": {
      "version": "1.0.0",
      "resolved": "http://registry.m.jd.com/supports-preserve-symlinks-flag/download/supports-preserve-symlinks-flag-1.0.0.tgz",
      "integrity": "sha1-btpL00SjyUrqN21MwxvHcxEDngk=",
      "dev": true
    },
    "vite": {
      "version": "3.2.2",
      "resolved": "http://registry.m.jd.com/vite/download/vite-3.2.2.tgz",
      "integrity": "sha1-KAdiv69HvOodEmmEJzMcAAmsfB8=",
      "dev": true,
      "requires": {
        "esbuild": "^0.15.9",
        "fsevents": "~2.3.2",
        "postcss": "^8.4.18",
        "resolve": "^1.22.1",
        "rollup": "^2.79.1"
      }
    },
    "vue": {
      "version": "3.2.41",
      "resolved": "http://registry.m.jd.com/vue/download/vue-3.2.41.tgz",
      "integrity": "sha1-7UUrig9/K5YvBVyJVROcKLHAaAY=",
      "requires": {
        "@vue/compiler-dom": "3.2.41",
        "@vue/compiler-sfc": "3.2.41",
        "@vue/runtime-dom": "3.2.41",
        "@vue/server-renderer": "3.2.41",
        "@vue/shared": "3.2.41"
      }
    },
    "vue-demi": {
      "version": "0.13.11",
      "resolved": "http://registry.m.jd.com/vue-demi/download/vue-demi-0.13.11.tgz",
      "integrity": "sha1-fZA2m9rol02HsZc1ZK05AYJBDZk="
    },
    "vue-router": {
      "version": "4.1.6",
      "resolved": "http://registry.m.jd.com/vue-router/download/vue-router-4.1.6.tgz",
      "integrity": "sha1-twMDc34StIFFeNIdaNIWGEaTdaE=",
      "requires": {
        "@vue/devtools-api": "^6.4.5"
      }
    }
  }
}
